
Microsoft Visual Studio Solution File, Format Version 12.00
# Visual Studio Version 17
VisualStudioVersion = 17.8.34309.116
MinimumVisualStudioVersion = 10.0.40219.1
Project("{FAE04EC0-301F-11D3-BF4B-00C04F79EFBC}") = "Wisdom", "Wisdom.csproj", "{FD9DDA0D-FC5A-4F02-97D3-2BE5854D0F10}"
EndProject
Global
	GlobalSection(SolutionConfigurationPlatforms) = preSolution
		Debug|Any CPU = Debug|Any CPU
		Release|Any CPU = Release|Any CPU
	EndGlobalSection
	GlobalSection(ProjectConfigurationPlatforms) = postSolution
		{FD9DDA0D-FC5A-4F02-97D3-2BE5854D0F10}.Debug|Any CPU.ActiveCfg = Debug|Any CPU
		{FD9DDA0D-FC5A-4F02-97D3-2BE5854D0F10}.Debug|Any CPU.Build.0 = Debug|Any CPU
		{FD9DDA0D-FC5A-4F02-97D3-2BE5854D0F10}.Debug|Any CPU.Deploy.0 = Debug|Any CPU
		{FD9DDA0D-FC5A-4F02-97D3-2BE5854D0F10}.Release|Any CPU.ActiveCfg = Release|Any CPU
		{FD9DDA0D-FC5A-4F02-97D3-2BE5854D0F10}.Release|Any CPU.Build.0 = Release|Any CPU
		{FD9DDA0D-FC5A-4F02-97D3-2BE5854D0F10}.Release|Any CPU.Deploy.0 = Release|Any CPU
	EndGlobalSection
	GlobalSection(SolutionProperties) = preSolution
		HideSolutionNode = FALSE
	EndGlobalSection
	GlobalSection(ExtensibilityGlobals) = postSolution
		SolutionGuid = {E17D0CA1-4337-43D9-9F1F-189A734E1C98}
	EndGlobalSection
EndGlobal
